
Microsoft Visual Studio Solution File, Format Version 12.00
# Visual Studio Version 16
VisualStudioVersion = 16.0.29411.108
MinimumVisualStudioVersion = 10.0.40219.1
Project("{778DAE3C-4631-46EA-AA77-85C1314464D9}") = "DatabaseWrapper", "DatabaseWrapper\DatabaseWrapper.vbproj", "{48C3D34F-D9D9-4E9C-9511-0582C9F529D2}"
EndProject
Project("{778DAE3C-4631-46EA-AA77-85C1314464D9}") = "DatabaseWrapper.Core", "DatabaseWrapper.Core\DatabaseWrapper.Core.vbproj", "{50A31F27-45CA-4748-B0C6-BC70963E471C}"
EndProject
Project("{778DAE3C-4631-46EA-AA77-85C1314464D9}") = "DatabaseWrapper.Mysql", "DatabaseWrapper.Mysql\DatabaseWrapper.Mysql.vbproj", "{4C0B96F5-3AB4-42CE-886A-F5D8990AAB13}"
EndProject
Project("{778DAE3C-4631-46EA-AA77-85C1314464D9}") = "DatabaseWrapper.Postgresql", "DatabaseWrapper.Postgresql\DatabaseWrapper.Postgresql.vbproj", "{CDDE1D76-95E8-46FB-9E1B-BA9E7D58337C}"
EndProject
Project("{778DAE3C-4631-46EA-AA77-85C1314464D9}") = "DatabaseWrapper.Sqlite", "DatabaseWrapper.Sqlite\DatabaseWrapper.Sqlite.vbproj", "{0BEDDC78-F806-48A7-9F12-CA5DD3F44202}"
EndProject
Project("{778DAE3C-4631-46EA-AA77-85C1314464D9}") = "DatabaseWrapper.SqlServer", "DatabaseWrapper.SqlServer\DatabaseWrapper.SqlServer.vbproj", "{5C04F998-51F0-48C8-8187-C1F340749ECB}"
EndProject
Project("{778DAE3C-4631-46EA-AA77-85C1314464D9}") = "Test", "Test\Test.vbproj", "{36FC01C3-6BEA-4CAD-9EAB-D583756D3D50}"
EndProject
Project("{778DAE3C-4631-46EA-AA77-85C1314464D9}") = "Test.Mysql", "Test.Mysql\Test.Mysql.vbproj", "{4417435A-2676-4A75-A314-A24219200299}"
EndProject
Project("{778DAE3C-4631-46EA-AA77-85C1314464D9}") = "Test.NuGet", "Test.NuGet\Test.NuGet.vbproj", "{223CF990-F931-47B2-AA96-57650688F974}"
EndProject
Project("{778DAE3C-4631-46EA-AA77-85C1314464D9}") = "Test.Postgresql", "Test.Postgresql\Test.Postgresql.vbproj", "{7758CD2F-2F57-4D61-B2EE-9D0354938DD3}"
EndProject
Project("{778DAE3C-4631-46EA-AA77-85C1314464D9}") = "Test.Sqlite", "Test.Sqlite\Test.Sqlite.vbproj", "{BFF77325-5621-4C09-9FD5-AD1825AA5C7D}"
EndProject
Project("{778DAE3C-4631-46EA-AA77-85C1314464D9}") = "Test.SqlServer", "Test.SqlServer\Test.SqlServer.vbproj", "{62AB7382-F5FC-4167-B9E0-DCF9324299FE}"
EndProject
Global
	GlobalSection(SolutionConfigurationPlatforms) = preSolution
		Debug|Any CPU = Debug|Any CPU
		Release|Any CPU = Release|Any CPU
	EndGlobalSection
	GlobalSection(ProjectConfigurationPlatforms) = postSolution
		{48C3D34F-D9D9-4E9C-9511-0582C9F529D2}.Debug|Any CPU.ActiveCfg = Debug|Any CPU
		{48C3D34F-D9D9-4E9C-9511-0582C9F529D2}.Debug|Any CPU.Build.0 = Debug|Any CPU
		{48C3D34F-D9D9-4E9C-9511-0582C9F529D2}.Release|Any CPU.ActiveCfg = Release|Any CPU
		{48C3D34F-D9D9-4E9C-9511-0582C9F529D2}.Release|Any CPU.Build.0 = Release|Any CPU
		{50A31F27-45CA-4748-B0C6-BC70963E471C}.Debug|Any CPU.ActiveCfg = Debug|Any CPU
		{50A31F27-45CA-4748-B0C6-BC70963E471C}.Debug|Any CPU.Build.0 = Debug|Any CPU
		{50A31F27-45CA-4748-B0C6-BC70963E471C}.Release|Any CPU.ActiveCfg = Release|Any CPU
		{50A31F27-45CA-4748-B0C6-BC70963E471C}.Release|Any CPU.Build.0 = Release|Any CPU
		{4C0B96F5-3AB4-42CE-886A-F5D8990AAB13}.Debug|Any CPU.ActiveCfg = Debug|Any CPU
		{4C0B96F5-3AB4-42CE-886A-F5D8990AAB13}.Debug|Any CPU.Build.0 = Debug|Any CPU
		{4C0B96F5-3AB4-42CE-886A-F5D8990AAB13}.Release|Any CPU.ActiveCfg = Release|Any CPU
		{4C0B96F5-3AB4-42CE-886A-F5D8990AAB13}.Release|Any CPU.Build.0 = Release|Any CPU
		{CDDE1D76-95E8-46FB-9E1B-BA9E7D58337C}.Debug|Any CPU.ActiveCfg = Debug|Any CPU
		{CDDE1D76-95E8-46FB-9E1B-BA9E7D58337C}.Debug|Any CPU.Build.0 = Debug|Any CPU
		{CDDE1D76-95E8-46FB-9E1B-BA9E7D58337C}.Release|Any CPU.ActiveCfg = Release|Any CPU
		{CDDE1D76-95E8-46FB-9E1B-BA9E7D58337C}.Release|Any CPU.Build.0 = Release|Any CPU
		{0BEDDC78-F806-48A7-9F12-CA5DD3F44202}.Debug|Any CPU.ActiveCfg = Debug|Any CPU
		{0BEDDC78-F806-48A7-9F12-CA5DD3F44202}.Debug|Any CPU.Build.0 = Debug|Any CPU
		{0BEDDC78-F806-48A7-9F12-CA5DD3F44202}.Release|Any CPU.ActiveCfg = Release|Any CPU
		{0BEDDC78-F806-48A7-9F12-CA5DD3F44202}.Release|Any CPU.Build.0 = Release|Any CPU
		{5C04F998-51F0-48C8-8187-C1F340749ECB}.Debug|Any CPU.ActiveCfg = Debug|Any CPU
		{5C04F998-51F0-48C8-8187-C1F340749ECB}.Debug|Any CPU.Build.0 = Debug|Any CPU
		{5C04F998-51F0-48C8-8187-C1F340749ECB}.Release|Any CPU.ActiveCfg = Release|Any CPU
		{5C04F998-51F0-48C8-8187-C1F340749ECB}.Release|Any CPU.Build.0 = Release|Any CPU
		{36FC01C3-6BEA-4CAD-9EAB-D583756D3D50}.Debug|Any CPU.ActiveCfg = Debug|Any CPU
		{36FC01C3-6BEA-4CAD-9EAB-D583756D3D50}.Debug|Any CPU.Build.0 = Debug|Any CPU
		{36FC01C3-6BEA-4CAD-9EAB-D583756D3D50}.Release|Any CPU.ActiveCfg = Release|Any CPU
		{36FC01C3-6BEA-4CAD-9EAB-D583756D3D50}.Release|Any CPU.Build.0 = Release|Any CPU
		{4417435A-2676-4A75-A314-A24219200299}.Debug|Any CPU.ActiveCfg = Debug|Any CPU
		{4417435A-2676-4A75-A314-A24219200299}.Debug|Any CPU.Build.0 = Debug|Any CPU
		{4417435A-2676-4A75-A314-A24219200299}.Release|Any CPU.ActiveCfg = Release|Any CPU
		{4417435A-2676-4A75-A314-A24219200299}.Release|Any CPU.Build.0 = Release|Any CPU
		{223CF990-F931-47B2-AA96-57650688F974}.Debug|Any CPU.ActiveCfg = Debug|Any CPU
		{223CF990-F931-47B2-AA96-57650688F974}.Debug|Any CPU.Build.0 = Debug|Any CPU
		{223CF990-F931-47B2-AA96-57650688F974}.Release|Any CPU.ActiveCfg = Release|Any CPU
		{223CF990-F931-47B2-AA96-57650688F974}.Release|Any CPU.Build.0 = Release|Any CPU
		{7758CD2F-2F57-4D61-B2EE-9D0354938DD3}.Debug|Any CPU.ActiveCfg = Debug|Any CPU
		{7758CD2F-2F57-4D61-B2EE-9D0354938DD3}.Debug|Any CPU.Build.0 = Debug|Any CPU
		{7758CD2F-2F57-4D61-B2EE-9D0354938DD3}.Release|Any CPU.ActiveCfg = Release|Any CPU
		{7758CD2F-2F57-4D61-B2EE-9D0354938DD3}.Release|Any CPU.Build.0 = Release|Any CPU
		{BFF77325-5621-4C09-9FD5-AD1825AA5C7D}.Debug|Any CPU.ActiveCfg = Debug|Any CPU
		{BFF77325-5621-4C09-9FD5-AD1825AA5C7D}.Debug|Any CPU.Build.0 = Debug|Any CPU
		{BFF77325-5621-4C09-9FD5-AD1825AA5C7D}.Release|Any CPU.ActiveCfg = Release|Any CPU
		{BFF77325-5621-4C09-9FD5-AD1825AA5C7D}.Release|Any CPU.Build.0 = Release|Any CPU
		{62AB7382-F5FC-4167-B9E0-DCF9324299FE}.Debug|Any CPU.ActiveCfg = Debug|Any CPU
		{62AB7382-F5FC-4167-B9E0-DCF9324299FE}.Debug|Any CPU.Build.0 = Debug|Any CPU
		{62AB7382-F5FC-4167-B9E0-DCF9324299FE}.Release|Any CPU.ActiveCfg = Release|Any CPU
		{62AB7382-F5FC-4167-B9E0-DCF9324299FE}.Release|Any CPU.Build.0 = Release|Any CPU
	EndGlobalSection
	GlobalSection(SolutionProperties) = preSolution
		HideSolutionNode = FALSE
	EndGlobalSection
	GlobalSection(ExtensibilityGlobals) = postSolution
		SolutionGuid = {A6A036FC-0A83-4F0A-9212-5C19B2DE9750}
	EndGlobalSection
EndGlobal
